
Microsoft Visual Studio Solution File, Format Version 12.00
# Visual Studio 15
VisualStudioVersion = 15.0.27428.2002
MinimumVisualStudioVersion = 10.0.40219.1
Project("{FAE04EC0-301F-11D3-BF4B-00C04F79EFBC}") = "replayssopov", "replayssopov\replayssopov.csproj", "{405B39E3-6B1D-443C-8EBC-E86FB2C4E139}"
EndProject
Project("{FAE04EC0-301F-11D3-BF4B-00C04F79EFBC}") = "VisualizationNeuralNet", "VisualNeuralNet\VNN3\VNN3\VisualizationNeuralNet.csproj", "{011060BA-0A2F-48F1-B077-08CB000EF607}"
EndProject
Global
	GlobalSection(SolutionConfigurationPlatforms) = preSolution
		CD_ROM|Any CPU = CD_ROM|Any CPU
		CD_ROM|Mixed Platforms = CD_ROM|Mixed Platforms
		CD_ROM|x86 = CD_ROM|x86
		Debug|Any CPU = Debug|Any CPU
		Debug|Mixed Platforms = Debug|Mixed Platforms
		Debug|x86 = Debug|x86
		DVD-5|Any CPU = DVD-5|Any CPU
		DVD-5|Mixed Platforms = DVD-5|Mixed Platforms
		DVD-5|x86 = DVD-5|x86
		Release|Any CPU = Release|Any CPU
		Release|Mixed Platforms = Release|Mixed Platforms
		Release|x86 = Release|x86
		SingleImage|Any CPU = SingleImage|Any CPU
		SingleImage|Mixed Platforms = SingleImage|Mixed Platforms
		SingleImage|x86 = SingleImage|x86
	EndGlobalSection
	GlobalSection(ProjectConfigurationPlatforms) = postSolution
		{405B39E3-6B1D-443C-8EBC-E86FB2C4E139}.CD_ROM|Any CPU.ActiveCfg = Release|Any CPU
		{405B39E3-6B1D-443C-8EBC-E86FB2C4E139}.CD_ROM|Any CPU.Build.0 = Release|Any CPU
		{405B39E3-6B1D-443C-8EBC-E86FB2C4E139}.CD_ROM|Mixed Platforms.ActiveCfg = Release|Any CPU
		{405B39E3-6B1D-443C-8EBC-E86FB2C4E139}.CD_ROM|Mixed Platforms.Build.0 = Release|Any CPU
		{405B39E3-6B1D-443C-8EBC-E86FB2C4E139}.CD_ROM|x86.ActiveCfg = Release|Any CPU
		{405B39E3-6B1D-443C-8EBC-E86FB2C4E139}.Debug|Any CPU.ActiveCfg = Debug|Any CPU
		{405B39E3-6B1D-443C-8EBC-E86FB2C4E139}.Debug|Any CPU.Build.0 = Debug|Any CPU
		{405B39E3-6B1D-443C-8EBC-E86FB2C4E139}.Debug|Mixed Platforms.ActiveCfg = Debug|Any CPU
		{405B39E3-6B1D-443C-8EBC-E86FB2C4E139}.Debug|Mixed Platforms.Build.0 = Debug|Any CPU
		{405B39E3-6B1D-443C-8EBC-E86FB2C4E139}.Debug|x86.ActiveCfg = Debug|Any CPU
		{405B39E3-6B1D-443C-8EBC-E86FB2C4E139}.DVD-5|Any CPU.ActiveCfg = Debug|Any CPU
		{405B39E3-6B1D-443C-8EBC-E86FB2C4E139}.DVD-5|Any CPU.Build.0 = Debug|Any CPU
		{405B39E3-6B1D-443C-8EBC-E86FB2C4E139}.DVD-5|Mixed Platforms.ActiveCfg = Debug|Any CPU
		{405B39E3-6B1D-443C-8EBC-E86FB2C4E139}.DVD-5|Mixed Platforms.Build.0 = Debug|Any CPU
		{405B39E3-6B1D-443C-8EBC-E86FB2C4E139}.DVD-5|x86.ActiveCfg = Debug|Any CPU
		{405B39E3-6B1D-443C-8EBC-E86FB2C4E139}.Release|Any CPU.ActiveCfg = Release|Any CPU
		{405B39E3-6B1D-443C-8EBC-E86FB2C4E139}.Release|Any CPU.Build.0 = Release|Any CPU
		{405B39E3-6B1D-443C-8EBC-E86FB2C4E139}.Release|Mixed Platforms.ActiveCfg = Release|Any CPU
		{405B39E3-6B1D-443C-8EBC-E86FB2C4E139}.Release|Mixed Platforms.Build.0 = Release|Any CPU
		{405B39E3-6B1D-443C-8EBC-E86FB2C4E139}.Release|x86.ActiveCfg = Release|Any CPU
		{405B39E3-6B1D-443C-8EBC-E86FB2C4E139}.SingleImage|Any CPU.ActiveCfg = Release|Any CPU
		{405B39E3-6B1D-443C-8EBC-E86FB2C4E139}.SingleImage|Any CPU.Build.0 = Release|Any CPU
		{405B39E3-6B1D-443C-8EBC-E86FB2C4E139}.SingleImage|Mixed Platforms.ActiveCfg = Release|Any CPU
		{405B39E3-6B1D-443C-8EBC-E86FB2C4E139}.SingleImage|Mixed Platforms.Build.0 = Release|Any CPU
		{405B39E3-6B1D-443C-8EBC-E86FB2C4E139}.SingleImage|x86.ActiveCfg = Release|Any CPU
		{011060BA-0A2F-48F1-B077-08CB000EF607}.CD_ROM|Any CPU.ActiveCfg = Release|Any CPU
		{011060BA-0A2F-48F1-B077-08CB000EF607}.CD_ROM|Any CPU.Build.0 = Release|Any CPU
		{011060BA-0A2F-48F1-B077-08CB000EF607}.CD_ROM|Mixed Platforms.ActiveCfg = Release|Any CPU
		{011060BA-0A2F-48F1-B077-08CB000EF607}.CD_ROM|Mixed Platforms.Build.0 = Release|Any CPU
		{011060BA-0A2F-48F1-B077-08CB000EF607}.CD_ROM|x86.ActiveCfg = Release|Any CPU
		{011060BA-0A2F-48F1-B077-08CB000EF607}.CD_ROM|x86.Build.0 = Release|Any CPU
		{011060BA-0A2F-48F1-B077-08CB000EF607}.Debug|Any CPU.ActiveCfg = Debug|Any CPU
		{011060BA-0A2F-48F1-B077-08CB000EF607}.Debug|Any CPU.Build.0 = Debug|Any CPU
		{011060BA-0A2F-48F1-B077-08CB000EF607}.Debug|Mixed Platforms.ActiveCfg = Debug|Any CPU
		{011060BA-0A2F-48F1-B077-08CB000EF607}.Debug|Mixed Platforms.Build.0 = Debug|Any CPU
		{011060BA-0A2F-48F1-B077-08CB000EF607}.Debug|x86.ActiveCfg = Debug|Any CPU
		{011060BA-0A2F-48F1-B077-08CB000EF607}.Debug|x86.Build.0 = Debug|Any CPU
		{011060BA-0A2F-48F1-B077-08CB000EF607}.DVD-5|Any CPU.ActiveCfg = Debug|Any CPU
		{011060BA-0A2F-48F1-B077-08CB000EF607}.DVD-5|Any CPU.Build.0 = Debug|Any CPU
		{011060BA-0A2F-48F1-B077-08CB000EF607}.DVD-5|Mixed Platforms.ActiveCfg = Debug|Any CPU
		{011060BA-0A2F-48F1-B077-08CB000EF607}.DVD-5|Mixed Platforms.Build.0 = Debug|Any CPU
		{011060BA-0A2F-48F1-B077-08CB000EF607}.DVD-5|x86.ActiveCfg = Debug|Any CPU
		{011060BA-0A2F-48F1-B077-08CB000EF607}.DVD-5|x86.Build.0 = Debug|Any CPU
		{011060BA-0A2F-48F1-B077-08CB000EF607}.Release|Any CPU.ActiveCfg = Release|Any CPU
		{011060BA-0A2F-48F1-B077-08CB000EF607}.Release|Any CPU.Build.0 = Release|Any CPU
		{011060BA-0A2F-48F1-B077-08CB000EF607}.Release|Mixed Platforms.ActiveCfg = Release|Any CPU
		{011060BA-0A2F-48F1-B077-08CB000EF607}.Release|Mixed Platforms.Build.0 = Release|Any CPU
		{011060BA-0A2F-48F1-B077-08CB000EF607}.Release|x86.ActiveCfg = Release|Any CPU
		{011060BA-0A2F-48F1-B077-08CB000EF607}.Release|x86.Build.0 = Release|Any CPU
		{011060BA-0A2F-48F1-B077-08CB000EF607}.SingleImage|Any CPU.ActiveCfg = Release|Any CPU
		{011060BA-0A2F-48F1-B077-08CB000EF607}.SingleImage|Any CPU.Build.0 = Release|Any CPU
		{011060BA-0A2F-48F1-B077-08CB000EF607}.SingleImage|Mixed Platforms.ActiveCfg = Release|Any CPU
		{011060BA-0A2F-48F1-B077-08CB000EF607}.SingleImage|Mixed Platforms.Build.0 = Release|Any CPU
		{011060BA-0A2F-48F1-B077-08CB000EF607}.SingleImage|x86.ActiveCfg = Release|Any CPU
		{011060BA-0A2F-48F1-B077-08CB000EF607}.SingleImage|x86.Build.0 = Release|Any CPU
	EndGlobalSection
	GlobalSection(SolutionProperties) = preSolution
		HideSolutionNode = FALSE
	EndGlobalSection
	GlobalSection(ExtensibilityGlobals) = postSolution
		SolutionGuid = {343DFCA0-3985-47CC-BBA9-A343514BD06F}
	EndGlobalSection
EndGlobal
